<?xml version="1.0" encoding="utf-8"?>
<Project ToolsVersion="4.0" xmlns="http://schemas.microsoft.com/developer/msbuild/2003">
  <ItemGroup>
    <Filter Include="Исходные файлы">
      <UniqueIdentifier>{4FC737F1-C7A5-4376-A066-2A32D752A2FF}</UniqueIdentifier>
      <Extensions>cpp;c;cc;cxx;c++;cppm;ixx;def;odl;idl;hpj;bat;asm;asmx</Extensions>
    </Filter>
    <Filter Include="Файлы заголовков">
      <UniqueIdentifier>{93995380-89BD-4b04-88EB-625FBE52EBFB}</UniqueIdentifier>
      <Extensions>h;hh;hpp;hxx;h++;hm;inl;inc;ipp;xsd</Extensions>
    </Filter>
    <Filter Include="Файлы ресурсов">
      <UniqueIdentifier>{67DA6AB6-F800-4c08-8B7A-83BB121AAD01}</UniqueIdentifier>
      <Extensions>rc;ico;cur;bmp;dlg;rc2;rct;bin;rgs;gif;jpg;jpeg;jpe;resx;tiff;tif;png;wav;mfcribbon-ms</Extensions>
    </Filter>
    <Filter Include="Исходные файлы\Game Engine">
      <UniqueIdentifier>{63179f49-8f6c-423f-b170-34a1294c2d99}</UniqueIdentifier>
    </Filter>
    <Filter Include="Исходные файлы\Game Objects">
      <UniqueIdentifier>{07f20b74-c101-4156-8b0f-3f3ae580fe22}</UniqueIdentifier>
    </Filter>
    <Filter Include="Файлы заголовков\Game Engine">
      <UniqueIdentifier>{adba79f3-9bca-4783-8edf-83667fa38a7c}</UniqueIdentifier>
    </Filter>
    <Filter Include="Файлы заголовков\Game Objects">
      <UniqueIdentifier>{c96369d9-52aa-459d-94c9-ce113c1289ce}</UniqueIdentifier>
    </Filter>
  </ItemGroup>
  <ItemGroup>
    <ClCompile Include="Game0002_DoodleJump.cpp">
      <Filter>Исходные файлы</Filter>
    </ClCompile>
    <ClCompile Include="GameEngine.cpp">
      <Filter>Исходные файлы\Game Engine</Filter>
    </ClCompile>
    <ClCompile Include="GameObject.cpp">
      <Filter>Исходные файлы\Game Objects</Filter>
    </ClCompile>
  </ItemGroup>
  <ItemGroup>
    <ClInclude Include="GameEngine.h">
      <Filter>Файлы заголовков\Game Engine</Filter>
    </ClInclude>
    <ClInclude Include="GameObject.h">
      <Filter>Файлы заголовков\Game Objects</Filter>
    </ClInclude>
  </ItemGroup>
</Project>